{
    "_meta": {
        "hash": {
            "sha256": "c05d57ef06394d972371af69919dd6dc869ea08b4930113b646b72fef60e2652"
        },
        "pipfile-spec": 6,
        "requires": {
            "python_version": ">=3.9"
        },
        "sources": [
            {
                "name": "pypi",
                "url": "https://pypi.org/simple",
                "verify_ssl": true
            }
        ]
    },
    "default": {},
    "develop": {}
}
